
Microsoft Visual Studio Solution File, Format Version 12.00
# Visual Studio Version 17
VisualStudioVersion = 17.7.34024.191
MinimumVisualStudioVersion = 10.0.40219.1
Project("{FAE04EC0-301F-11D3-BF4B-00C04F79EFBC}") = "firstOpentkProject", "firstOpentkProject\firstOpentkProject.csproj", "{C3766885-A788-4231-BE73-8CCBB212A604}"
EndProject
Global
	GlobalSection(SolutionConfigurationPlatforms) = preSolution
		Debug|Any CPU = Debug|Any CPU
		Release|Any CPU = Release|Any CPU
	EndGlobalSection
	GlobalSection(ProjectConfigurationPlatforms) = postSolution
		{C3766885-A788-4231-BE73-8CCBB212A604}.Debug|Any CPU.ActiveCfg = Debug|Any CPU
		{C3766885-A788-4231-BE73-8CCBB212A604}.Debug|Any CPU.Build.0 = Debug|Any CPU
		{C3766885-A788-4231-BE73-8CCBB212A604}.Release|Any CPU.ActiveCfg = Release|Any CPU
		{C3766885-A788-4231-BE73-8CCBB212A604}.Release|Any CPU.Build.0 = Release|Any CPU
	EndGlobalSection
	GlobalSection(SolutionProperties) = preSolution
		HideSolutionNode = FALSE
	EndGlobalSection
	GlobalSection(ExtensibilityGlobals) = postSolution
		SolutionGuid = {C13900DE-C910-4C4D-823A-6F8E530866D8}
	EndGlobalSection
EndGlobal
