
Microsoft Visual Studio Solution File, Format Version 12.00
# Visual Studio Version 17
VisualStudioVersion = 17.7.34024.191
MinimumVisualStudioVersion = 10.0.40219.1
Project("{FAE04EC0-301F-11D3-BF4B-00C04F79EFBC}") = "Cave Game Test", "Cave Game Test\Cave Game Test.csproj", "{5F832194-FB17-4E4A-81FE-9054EA201F36}"
EndProject
Global
	GlobalSection(SolutionConfigurationPlatforms) = preSolution
		Debug|Any CPU = Debug|Any CPU
		Release|Any CPU = Release|Any CPU
	EndGlobalSection
	GlobalSection(ProjectConfigurationPlatforms) = postSolution
		{5F832194-FB17-4E4A-81FE-9054EA201F36}.Debug|Any CPU.ActiveCfg = Debug|Any CPU
		{5F832194-FB17-4E4A-81FE-9054EA201F36}.Debug|Any CPU.Build.0 = Debug|Any CPU
		{5F832194-FB17-4E4A-81FE-9054EA201F36}.Release|Any CPU.ActiveCfg = Release|Any CPU
		{5F832194-FB17-4E4A-81FE-9054EA201F36}.Release|Any CPU.Build.0 = Release|Any CPU
	EndGlobalSection
	GlobalSection(SolutionProperties) = preSolution
		HideSolutionNode = FALSE
	EndGlobalSection
	GlobalSection(ExtensibilityGlobals) = postSolution
		SolutionGuid = {4295BB08-A39A-40A6-98C7-46A5DA09215A}
	EndGlobalSection
EndGlobal
