
Microsoft Visual Studio Solution File, Format Version 12.00
# Visual Studio Version 17
VisualStudioVersion = 17.7.34024.191
MinimumVisualStudioVersion = 10.0.40219.1
Project("{FAE04EC0-301F-11D3-BF4B-00C04F79EFBC}") = "hell", "hell\hell.csproj", "{75D731B0-FF3D-4779-B4B9-03C0EA8A1516}"
EndProject
Global
	GlobalSection(SolutionConfigurationPlatforms) = preSolution
		Debug|Any CPU = Debug|Any CPU
		Release|Any CPU = Release|Any CPU
	EndGlobalSection
	GlobalSection(ProjectConfigurationPlatforms) = postSolution
		{75D731B0-FF3D-4779-B4B9-03C0EA8A1516}.Debug|Any CPU.ActiveCfg = Debug|Any CPU
		{75D731B0-FF3D-4779-B4B9-03C0EA8A1516}.Debug|Any CPU.Build.0 = Debug|Any CPU
		{75D731B0-FF3D-4779-B4B9-03C0EA8A1516}.Release|Any CPU.ActiveCfg = Release|Any CPU
		{75D731B0-FF3D-4779-B4B9-03C0EA8A1516}.Release|Any CPU.Build.0 = Release|Any CPU
	EndGlobalSection
	GlobalSection(SolutionProperties) = preSolution
		HideSolutionNode = FALSE
	EndGlobalSection
	GlobalSection(ExtensibilityGlobals) = postSolution
		SolutionGuid = {3551A4A1-179E-4887-9B16-C6F1EE06CE6F}
	EndGlobalSection
EndGlobal
